# THIS IS AN AUTOGENERATED FILE. DO NOT EDIT THIS FILE DIRECTLY.
# yarn lockfile v1


"@glennsl/bs-json@^5.0.2":
  version "5.0.2"
  resolved "https://registry.yarnpkg.com/@glennsl/bs-json/-/bs-json-5.0.2.tgz#cfb85d94d370ec6dc17849e0ddb1a51eee08cfcc"
  integrity sha512-vVlHJNrhmwvhyea14YiV4L5pDLjqw1edE3GzvMxlbPPQZVhzgO3sTWrUxCpQd2gV+CkMfk4FHBYunx9nWtBoDg==

bs-fetch@^0.6.2:
  version "0.6.2"
  resolved "https://registry.yarnpkg.com/bs-fetch/-/bs-fetch-0.6.2.tgz#37d982e9f79b9bc44c23e87ae78ccbee1f869adf"
  integrity sha512-VXEjp8kY3vHPckaoy3d96Bx0KYjJAPLNISBwfpwMN26K6DtuZYwI2HKhx7zeHBajz1bRArfx7O8OOLcdtujMvg==

rescript@^9.1.2:
  version "9.1.2"
  resolved "https://registry.yarnpkg.com/rescript/-/rescript-9.1.2.tgz#a81f8a735f1a7006233bfc72eb081ca7182a0d79"
  integrity sha512-4wHvTDv3nyYnAPJHcg1RGG8z7u3HDiBf6RN3P/dITDv859Qo35aKOzJWQtfBzbAs0EKNafLqei3TnUqiAv6BwQ==
